
Microsoft Visual Studio Solution File, Format Version 12.00
Project("{FAE04EC0-301F-11D3-BF4B-00C04F79EFBC}") = "Resume.Builder.Web", "Resume.Builder.Web\Resume.Builder.Web.csproj", "{A5058B69-4B23-412E-81EE-1641A46D074F}"
EndProject
Global
	GlobalSection(SolutionConfigurationPlatforms) = preSolution
		Debug|Any CPU = Debug|Any CPU
		Release|Any CPU = Release|Any CPU
	EndGlobalSection
	GlobalSection(ProjectConfigurationPlatforms) = postSolution
		{A5058B69-4B23-412E-81EE-1641A46D074F}.Debug|Any CPU.ActiveCfg = Debug|Any CPU
		{A5058B69-4B23-412E-81EE-1641A46D074F}.Debug|Any CPU.Build.0 = Debug|Any CPU
		{A5058B69-4B23-412E-81EE-1641A46D074F}.Release|Any CPU.ActiveCfg = Release|Any CPU
		{A5058B69-4B23-412E-81EE-1641A46D074F}.Release|Any CPU.Build.0 = Release|Any CPU
	EndGlobalSection
EndGlobal
